
Microsoft Visual Studio Solution File, Format Version 12.00
# Visual Studio 14
VisualStudioVersion = 14.0.25420.1
MinimumVisualStudioVersion = 10.0.40219.1
Project("{FAE04EC0-301F-11D3-BF4B-00C04F79EFBC}") = "Latihan 1_1", "Latihan 1_1\Latihan 1_1.csproj", "{BE455EB0-9B76-40AB-AA1B-ADC36ED3AF30}"
EndProject
Project("{FAE04EC0-301F-11D3-BF4B-00C04F79EFBC}") = "Latihan 1_2", "Latihan 1_2\Latihan 1_2.csproj", "{CC3DA932-CEE1-4A61-BA68-0A8106E55EAA}"
EndProject
Project("{FAE04EC0-301F-11D3-BF4B-00C04F79EFBC}") = "Latihan_2_1", "Latihan_2_1\Latihan_2_1.csproj", "{EBC90830-AF1E-4BF6-8B47-A9BEC1BE8D29}"
EndProject
Project("{FAE04EC0-301F-11D3-BF4B-00C04F79EFBC}") = "Latihan_3_1", "Latihan_3_1\Latihan_3_1.csproj", "{EA50AD6E-F73E-4D1A-B095-10E721552508}"
EndProject
Project("{FAE04EC0-301F-11D3-BF4B-00C04F79EFBC}") = "Latihan_4_1", "Latihan_4_1\Latihan_4_1.csproj", "{59F79D5F-1428-40BB-AA2E-CA020CED2798}"
EndProject
Project("{FAE04EC0-301F-11D3-BF4B-00C04F79EFBC}") = "Latihan_5_1", "Latihan_5_1\Latihan_5_1.csproj", "{5648C96C-1844-4E0F-9C96-1DC04FC9CDBC}"
EndProject
Project("{FAE04EC0-301F-11D3-BF4B-00C04F79EFBC}") = "volleyball_problem", "volleyball_problem\volleyball_problem.csproj", "{2568A407-8ECC-4580-8D99-656C9E33A6D9}"
EndProject
Global
	GlobalSection(SolutionConfigurationPlatforms) = preSolution
		Debug|Any CPU = Debug|Any CPU
		Release|Any CPU = Release|Any CPU
	EndGlobalSection
	GlobalSection(ProjectConfigurationPlatforms) = postSolution
		{BE455EB0-9B76-40AB-AA1B-ADC36ED3AF30}.Debug|Any CPU.ActiveCfg = Debug|Any CPU
		{BE455EB0-9B76-40AB-AA1B-ADC36ED3AF30}.Debug|Any CPU.Build.0 = Debug|Any CPU
		{BE455EB0-9B76-40AB-AA1B-ADC36ED3AF30}.Release|Any CPU.ActiveCfg = Release|Any CPU
		{BE455EB0-9B76-40AB-AA1B-ADC36ED3AF30}.Release|Any CPU.Build.0 = Release|Any CPU
		{CC3DA932-CEE1-4A61-BA68-0A8106E55EAA}.Debug|Any CPU.ActiveCfg = Debug|Any CPU
		{CC3DA932-CEE1-4A61-BA68-0A8106E55EAA}.Debug|Any CPU.Build.0 = Debug|Any CPU
		{CC3DA932-CEE1-4A61-BA68-0A8106E55EAA}.Release|Any CPU.ActiveCfg = Release|Any CPU
		{CC3DA932-CEE1-4A61-BA68-0A8106E55EAA}.Release|Any CPU.Build.0 = Release|Any CPU
		{EBC90830-AF1E-4BF6-8B47-A9BEC1BE8D29}.Debug|Any CPU.ActiveCfg = Debug|Any CPU
		{EBC90830-AF1E-4BF6-8B47-A9BEC1BE8D29}.Debug|Any CPU.Build.0 = Debug|Any CPU
		{EBC90830-AF1E-4BF6-8B47-A9BEC1BE8D29}.Release|Any CPU.ActiveCfg = Release|Any CPU
		{EBC90830-AF1E-4BF6-8B47-A9BEC1BE8D29}.Release|Any CPU.Build.0 = Release|Any CPU
		{EA50AD6E-F73E-4D1A-B095-10E721552508}.Debug|Any CPU.ActiveCfg = Debug|Any CPU
		{EA50AD6E-F73E-4D1A-B095-10E721552508}.Debug|Any CPU.Build.0 = Debug|Any CPU
		{EA50AD6E-F73E-4D1A-B095-10E721552508}.Release|Any CPU.ActiveCfg = Release|Any CPU
		{EA50AD6E-F73E-4D1A-B095-10E721552508}.Release|Any CPU.Build.0 = Release|Any CPU
		{59F79D5F-1428-40BB-AA2E-CA020CED2798}.Debug|Any CPU.ActiveCfg = Debug|Any CPU
		{59F79D5F-1428-40BB-AA2E-CA020CED2798}.Debug|Any CPU.Build.0 = Debug|Any CPU
		{59F79D5F-1428-40BB-AA2E-CA020CED2798}.Release|Any CPU.ActiveCfg = Release|Any CPU
		{59F79D5F-1428-40BB-AA2E-CA020CED2798}.Release|Any CPU.Build.0 = Release|Any CPU
		{5648C96C-1844-4E0F-9C96-1DC04FC9CDBC}.Debug|Any CPU.ActiveCfg = Debug|Any CPU
		{5648C96C-1844-4E0F-9C96-1DC04FC9CDBC}.Debug|Any CPU.Build.0 = Debug|Any CPU
		{5648C96C-1844-4E0F-9C96-1DC04FC9CDBC}.Release|Any CPU.ActiveCfg = Release|Any CPU
		{5648C96C-1844-4E0F-9C96-1DC04FC9CDBC}.Release|Any CPU.Build.0 = Release|Any CPU
		{2568A407-8ECC-4580-8D99-656C9E33A6D9}.Debug|Any CPU.ActiveCfg = Debug|Any CPU
		{2568A407-8ECC-4580-8D99-656C9E33A6D9}.Debug|Any CPU.Build.0 = Debug|Any CPU
		{2568A407-8ECC-4580-8D99-656C9E33A6D9}.Release|Any CPU.ActiveCfg = Release|Any CPU
		{2568A407-8ECC-4580-8D99-656C9E33A6D9}.Release|Any CPU.Build.0 = Release|Any CPU
	EndGlobalSection
	GlobalSection(SolutionProperties) = preSolution
		HideSolutionNode = FALSE
	EndGlobalSection
EndGlobal
